
Microsoft Visual Studio Solution File, Format Version 12.00
# Visual Studio Version 16
VisualStudioVersion = 16.0.31624.102
MinimumVisualStudioVersion = 10.0.40219.1
Project("{9A19103F-16F7-4668-BE54-9A1E7A4F7556}") = "LibraryTestApp", "LibraryTestApp.csproj", "{9B4A4ABD-350E-4309-A3E6-69B0E459B173}"
EndProject
Project("{2150E333-8FDC-42A3-9474-1A3956D46DE8}") = "Solution Items", "Solution Items", "{6D3FB3EA-C996-4039-8F54-F59F539584D6}"
	ProjectSection(SolutionItems) = preProject
		.editorconfig = .editorconfig
	EndProjectSection
EndProject
Global
	GlobalSection(SolutionConfigurationPlatforms) = preSolution
		Debug|Any CPU = Debug|Any CPU
		Release|Any CPU = Release|Any CPU
	EndGlobalSection
	GlobalSection(ProjectConfigurationPlatforms) = postSolution
		{9B4A4ABD-350E-4309-A3E6-69B0E459B173}.Debug|Any CPU.ActiveCfg = Debug|Any CPU
		{9B4A4ABD-350E-4309-A3E6-69B0E459B173}.Debug|Any CPU.Build.0 = Debug|Any CPU
		{9B4A4ABD-350E-4309-A3E6-69B0E459B173}.Release|Any CPU.ActiveCfg = Release|Any CPU
		{9B4A4ABD-350E-4309-A3E6-69B0E459B173}.Release|Any CPU.Build.0 = Release|Any CPU
	EndGlobalSection
	GlobalSection(SolutionProperties) = preSolution
		HideSolutionNode = FALSE
	EndGlobalSection
	GlobalSection(ExtensibilityGlobals) = postSolution
		SolutionGuid = {888A7478-A780-48AA-8E29-9BE6B2765535}
	EndGlobalSection
EndGlobal
